
Microsoft Visual Studio Solution File, Format Version 12.00
# Visual Studio Version 16
VisualStudioVersion = 16.0.29926.136
MinimumVisualStudioVersion = 10.0.40219.1
Project("{FAE04EC0-301F-11D3-BF4B-00C04F79EFBC}") = "AzDevOps-multiarch", "AzDevOps-multiarch.csproj", "{0454640A-E52D-4D50-95F8-CA8BD1FE21A7}"
EndProject
Global
	GlobalSection(SolutionConfigurationPlatforms) = preSolution
		Debug|Any CPU = Debug|Any CPU
		Release|Any CPU = Release|Any CPU
	EndGlobalSection
	GlobalSection(ProjectConfigurationPlatforms) = postSolution
		{0454640A-E52D-4D50-95F8-CA8BD1FE21A7}.Debug|Any CPU.ActiveCfg = Debug|Any CPU
		{0454640A-E52D-4D50-95F8-CA8BD1FE21A7}.Debug|Any CPU.Build.0 = Debug|Any CPU
		{0454640A-E52D-4D50-95F8-CA8BD1FE21A7}.Release|Any CPU.ActiveCfg = Release|Any CPU
		{0454640A-E52D-4D50-95F8-CA8BD1FE21A7}.Release|Any CPU.Build.0 = Release|Any CPU
	EndGlobalSection
	GlobalSection(SolutionProperties) = preSolution
		HideSolutionNode = FALSE
	EndGlobalSection
	GlobalSection(ExtensibilityGlobals) = postSolution
		SolutionGuid = {7D0C9F4D-D863-42A4-AD49-A5339F17E8B5}
	EndGlobalSection
EndGlobal
